Microsoft Visual Studio Solution File, Format Version 12.00
# Visual Studio 2012
Project("{FAE04EC0-301F-11D3-BF4B-00C04F79EFBC}") = "Microsoft.WindowsAzure.Mobile", "src\Microsoft.WindowsAzure.MobileServices\Microsoft.WindowsAzure.Mobile.csproj", "{75557793-E36E-4190-8714-5BD2665859FB}"
EndProject
Project("{2150E333-8FDC-42A3-9474-1A3956D46DE8}") = "src", "src", "{BA83494B-A52F-4CC8-B2BE-E339376AD2D5}"
EndProject
Project("{2150E333-8FDC-42A3-9474-1A3956D46DE8}") = "test", "test", "{45E57CDC-7178-4915-8D0B-CF80F5E44AF6}"
EndProject
Project("{2150E333-8FDC-42A3-9474-1A3956D46DE8}") = ".nuget", ".nuget", "{E0DB6669-9295-4034-8E6D-7C4F2ED297DD}"
	ProjectSection(SolutionItems) = preProject
		.nuget\NuGet.Config = .nuget\NuGet.Config
		.nuget\NuGet.exe = .nuget\NuGet.exe
		.nuget\NuGet.targets = .nuget\NuGet.targets
	EndProjectSection
EndProject
Project("{FAE04EC0-301F-11D3-BF4B-00C04F79EFBC}") = "Microsoft.WindowsAzure.Mobile.Ext.Net45", "src\Microsoft.WindowsAzure.MobileServices.Net45\Microsoft.WindowsAzure.Mobile.Ext.Net45.csproj", "{8BE160B5-ADBF-4FE0-A0E2-A4A77A87E620}"
EndProject
Project("{FAE04EC0-301F-11D3-BF4B-00C04F79EFBC}") = "Microsoft.WindowsAzure.Mobile.Net45.Test", "test\Microsoft.WindowsAzure.Mobile.Net45.Test\Microsoft.WindowsAzure.Mobile.Net45.Test.csproj", "{7C1A9BC1-3E60-4673-AC08-AC8399032D49}"
EndProject
Project("{F184B08F-C81C-45F6-A57F-5ABD9991F28F}") = "Microsoft.WindowsAzure.Mobile.Net45.Vb.Test", "test\Microsoft.WindowsAzure.Mobile.Net45.Vb.Test\Microsoft.WindowsAzure.Mobile.Net45.Vb.Test.vbproj", "{D3C7CD26-984A-46D1-8618-8363199F1573}"
EndProject
Project("{FAE04EC0-301F-11D3-BF4B-00C04F79EFBC}") = "Microsoft.WindowsAzure.Mobile.Android.Test", "test\Microsoft.WindowsAzure.MobileServices.Android.Test\Microsoft.WindowsAzure.Mobile.Android.Test.csproj", "{36A77431-95A0-4AA7-924A-A8F6C6C631C6}"
	ProjectSection(ProjectDependencies) = postProject
		{0F77566D-014F-4D09-B783-D4E701627D15} = {0F77566D-014F-4D09-B783-D4E701627D15}
	EndProjectSection
EndProject
Project("{FAE04EC0-301F-11D3-BF4B-00C04F79EFBC}") = "Microsoft.WindowsAzure.Mobile.iOS.Test", "test\Microsoft.WindowsAzure.MobileServices.iOS.Test\Microsoft.WindowsAzure.Mobile.iOS.Test.csproj", "{977A5F48-B0F3-4860-AA1A-5B3081ED7D98}"
	ProjectSection(ProjectDependencies) = postProject
		{A871B137-83A8-4E9B-913D-30EE0288E161} = {A871B137-83A8-4E9B-913D-30EE0288E161}
	EndProjectSection
EndProject
Project("{FAE04EC0-301F-11D3-BF4B-00C04F79EFBC}") = "Microsoft.WindowsAzure.Mobile.Ext.iOS", "src\Microsoft.WindowsAzure.MobileServices.iOS\Microsoft.WindowsAzure.Mobile.Ext.iOS.csproj", "{A871B137-83A8-4E9B-913D-30EE0288E161}"
EndProject
Project("{FAE04EC0-301F-11D3-BF4B-00C04F79EFBC}") = "Microsoft.WindowsAzure.Mobile.Ext.Android", "src\Microsoft.WindowsAzure.MobileServices.Android\Microsoft.WindowsAzure.Mobile.Ext.Android.csproj", "{0F77566D-014F-4D09-B783-D4E701627D15}"
EndProject
Global
	GlobalSection(SolutionConfigurationPlatforms) = preSolution
		Debug|Any CPU = Debug|Any CPU
		Debug|ARM = Debug|ARM
		Debug|Mixed Platforms = Debug|Mixed Platforms
		Debug|x64 = Debug|x64
		Debug|x86 = Debug|x86
		Release|Any CPU = Release|Any CPU
		Release|ARM = Release|ARM
		Release|Mixed Platforms = Release|Mixed Platforms
		Release|x64 = Release|x64
		Release|x86 = Release|x86
		Signed|Any CPU = Signed|Any CPU
		Signed|ARM = Signed|ARM
		Signed|Mixed Platforms = Signed|Mixed Platforms
		Signed|x64 = Signed|x64
		Signed|x86 = Signed|x86
	EndGlobalSection
	GlobalSection(ProjectConfigurationPlatforms) = postSolution
		{75557793-E36E-4190-8714-5BD2665859FB}.Debug|Any CPU.ActiveCfg = Debug|Any CPU
		{75557793-E36E-4190-8714-5BD2665859FB}.Debug|Any CPU.Build.0 = Debug|Any CPU
		{75557793-E36E-4190-8714-5BD2665859FB}.Debug|ARM.ActiveCfg = Debug|Any CPU
		{75557793-E36E-4190-8714-5BD2665859FB}.Debug|ARM.Build.0 = Debug|Any CPU
		{75557793-E36E-4190-8714-5BD2665859FB}.Debug|Mixed Platforms.ActiveCfg = Debug|Any CPU
		{75557793-E36E-4190-8714-5BD2665859FB}.Debug|Mixed Platforms.Build.0 = Debug|Any CPU
		{75557793-E36E-4190-8714-5BD2665859FB}.Debug|x64.ActiveCfg = Debug|Any CPU
		{75557793-E36E-4190-8714-5BD2665859FB}.Debug|x86.ActiveCfg = Debug|Any CPU
		{75557793-E36E-4190-8714-5BD2665859FB}.Release|Any CPU.ActiveCfg = Release|Any CPU
		{75557793-E36E-4190-8714-5BD2665859FB}.Release|Any CPU.Build.0 = Release|Any CPU
		{75557793-E36E-4190-8714-5BD2665859FB}.Release|ARM.ActiveCfg = Release|Any CPU
		{75557793-E36E-4190-8714-5BD2665859FB}.Release|ARM.Build.0 = Release|Any CPU
		{75557793-E36E-4190-8714-5BD2665859FB}.Release|Mixed Platforms.ActiveCfg = Release|Any CPU
		{75557793-E36E-4190-8714-5BD2665859FB}.Release|Mixed Platforms.Build.0 = Release|Any CPU
		{75557793-E36E-4190-8714-5BD2665859FB}.Release|x64.ActiveCfg = Release|Any CPU
		{75557793-E36E-4190-8714-5BD2665859FB}.Release|x86.ActiveCfg = Release|Any CPU
		{75557793-E36E-4190-8714-5BD2665859FB}.Signed|Any CPU.ActiveCfg = Release|Any CPU
		{75557793-E36E-4190-8714-5BD2665859FB}.Signed|Any CPU.Build.0 = Release|Any CPU
		{75557793-E36E-4190-8714-5BD2665859FB}.Signed|ARM.ActiveCfg = Release|Any CPU
		{75557793-E36E-4190-8714-5BD2665859FB}.Signed|ARM.Build.0 = Release|Any CPU
		{75557793-E36E-4190-8714-5BD2665859FB}.Signed|Mixed Platforms.ActiveCfg = Release|Any CPU
		{75557793-E36E-4190-8714-5BD2665859FB}.Signed|Mixed Platforms.Build.0 = Release|Any CPU
		{75557793-E36E-4190-8714-5BD2665859FB}.Signed|x64.ActiveCfg = Release|Any CPU
		{75557793-E36E-4190-8714-5BD2665859FB}.Signed|x86.ActiveCfg = Release|Any CPU
		{8BE160B5-ADBF-4FE0-A0E2-A4A77A87E620}.Debug|Any CPU.ActiveCfg = Debug|Any CPU
		{8BE160B5-ADBF-4FE0-A0E2-A4A77A87E620}.Debug|Any CPU.Build.0 = Debug|Any CPU
		{8BE160B5-ADBF-4FE0-A0E2-A4A77A87E620}.Debug|ARM.ActiveCfg = Debug|Any CPU
		{8BE160B5-ADBF-4FE0-A0E2-A4A77A87E620}.Debug|Mixed Platforms.ActiveCfg = Debug|Any CPU
		{8BE160B5-ADBF-4FE0-A0E2-A4A77A87E620}.Debug|Mixed Platforms.Build.0 = Debug|Any CPU
		{8BE160B5-ADBF-4FE0-A0E2-A4A77A87E620}.Debug|x64.ActiveCfg = Debug|Any CPU
		{8BE160B5-ADBF-4FE0-A0E2-A4A77A87E620}.Debug|x86.ActiveCfg = Debug|Any CPU
		{8BE160B5-ADBF-4FE0-A0E2-A4A77A87E620}.Release|Any CPU.ActiveCfg = Release|Any CPU
		{8BE160B5-ADBF-4FE0-A0E2-A4A77A87E620}.Release|Any CPU.Build.0 = Release|Any CPU
		{8BE160B5-ADBF-4FE0-A0E2-A4A77A87E620}.Release|ARM.ActiveCfg = Release|Any CPU
		{8BE160B5-ADBF-4FE0-A0E2-A4A77A87E620}.Release|Mixed Platforms.ActiveCfg = Release|Any CPU
		{8BE160B5-ADBF-4FE0-A0E2-A4A77A87E620}.Release|Mixed Platforms.Build.0 = Release|Any CPU
		{8BE160B5-ADBF-4FE0-A0E2-A4A77A87E620}.Release|x64.ActiveCfg = Release|Any CPU
		{8BE160B5-ADBF-4FE0-A0E2-A4A77A87E620}.Release|x86.ActiveCfg = Release|Any CPU
		{8BE160B5-ADBF-4FE0-A0E2-A4A77A87E620}.Signed|Any CPU.ActiveCfg = Release|Any CPU
		{8BE160B5-ADBF-4FE0-A0E2-A4A77A87E620}.Signed|Any CPU.Build.0 = Release|Any CPU
		{8BE160B5-ADBF-4FE0-A0E2-A4A77A87E620}.Signed|ARM.ActiveCfg = Release|Any CPU
		{8BE160B5-ADBF-4FE0-A0E2-A4A77A87E620}.Signed|Mixed Platforms.ActiveCfg = Release|Any CPU
		{8BE160B5-ADBF-4FE0-A0E2-A4A77A87E620}.Signed|Mixed Platforms.Build.0 = Release|Any CPU
		{8BE160B5-ADBF-4FE0-A0E2-A4A77A87E620}.Signed|x64.ActiveCfg = Release|Any CPU
		{8BE160B5-ADBF-4FE0-A0E2-A4A77A87E620}.Signed|x86.ActiveCfg = Release|Any CPU
		{7C1A9BC1-3E60-4673-AC08-AC8399032D49}.Debug|Any CPU.ActiveCfg = Debug|Any CPU
		{7C1A9BC1-3E60-4673-AC08-AC8399032D49}.Debug|Any CPU.Build.0 = Debug|Any CPU
		{7C1A9BC1-3E60-4673-AC08-AC8399032D49}.Debug|ARM.ActiveCfg = Debug|Any CPU
		{7C1A9BC1-3E60-4673-AC08-AC8399032D49}.Debug|Mixed Platforms.ActiveCfg = Debug|Any CPU
		{7C1A9BC1-3E60-4673-AC08-AC8399032D49}.Debug|Mixed Platforms.Build.0 = Debug|Any CPU
		{7C1A9BC1-3E60-4673-AC08-AC8399032D49}.Debug|x64.ActiveCfg = Debug|Any CPU
		{7C1A9BC1-3E60-4673-AC08-AC8399032D49}.Debug|x86.ActiveCfg = Debug|Any CPU
		{7C1A9BC1-3E60-4673-AC08-AC8399032D49}.Release|Any CPU.ActiveCfg = Release|Any CPU
		{7C1A9BC1-3E60-4673-AC08-AC8399032D49}.Release|Any CPU.Build.0 = Release|Any CPU
		{7C1A9BC1-3E60-4673-AC08-AC8399032D49}.Release|ARM.ActiveCfg = Release|Any CPU
		{7C1A9BC1-3E60-4673-AC08-AC8399032D49}.Release|Mixed Platforms.ActiveCfg = Release|Any CPU
		{7C1A9BC1-3E60-4673-AC08-AC8399032D49}.Release|Mixed Platforms.Build.0 = Release|Any CPU
		{7C1A9BC1-3E60-4673-AC08-AC8399032D49}.Release|x64.ActiveCfg = Release|Any CPU
		{7C1A9BC1-3E60-4673-AC08-AC8399032D49}.Release|x86.ActiveCfg = Release|Any CPU
		{7C1A9BC1-3E60-4673-AC08-AC8399032D49}.Signed|Any CPU.ActiveCfg = Release|Any CPU
		{7C1A9BC1-3E60-4673-AC08-AC8399032D49}.Signed|Any CPU.Build.0 = Release|Any CPU
		{7C1A9BC1-3E60-4673-AC08-AC8399032D49}.Signed|ARM.ActiveCfg = Release|Any CPU
		{7C1A9BC1-3E60-4673-AC08-AC8399032D49}.Signed|Mixed Platforms.ActiveCfg = Release|Any CPU
		{7C1A9BC1-3E60-4673-AC08-AC8399032D49}.Signed|Mixed Platforms.Build.0 = Release|Any CPU
		{7C1A9BC1-3E60-4673-AC08-AC8399032D49}.Signed|x64.ActiveCfg = Release|Any CPU
		{7C1A9BC1-3E60-4673-AC08-AC8399032D49}.Signed|x86.ActiveCfg = Release|Any CPU
		{D3C7CD26-984A-46D1-8618-8363199F1573}.Debug|Any CPU.ActiveCfg = Debug|Any CPU
		{D3C7CD26-984A-46D1-8618-8363199F1573}.Debug|Any CPU.Build.0 = Debug|Any CPU
		{D3C7CD26-984A-46D1-8618-8363199F1573}.Debug|ARM.ActiveCfg = Debug|Any CPU
		{D3C7CD26-984A-46D1-8618-8363199F1573}.Debug|Mixed Platforms.ActiveCfg = Debug|Any CPU
		{D3C7CD26-984A-46D1-8618-8363199F1573}.Debug|Mixed Platforms.Build.0 = Debug|Any CPU
		{D3C7CD26-984A-46D1-8618-8363199F1573}.Debug|x64.ActiveCfg = Debug|Any CPU
		{D3C7CD26-984A-46D1-8618-8363199F1573}.Debug|x86.ActiveCfg = Debug|Any CPU
		{D3C7CD26-984A-46D1-8618-8363199F1573}.Release|Any CPU.ActiveCfg = Release|Any CPU
		{D3C7CD26-984A-46D1-8618-8363199F1573}.Release|Any CPU.Build.0 = Release|Any CPU
		{D3C7CD26-984A-46D1-8618-8363199F1573}.Release|ARM.ActiveCfg = Release|Any CPU
		{D3C7CD26-984A-46D1-8618-8363199F1573}.Release|Mixed Platforms.ActiveCfg = Release|Any CPU
		{D3C7CD26-984A-46D1-8618-8363199F1573}.Release|Mixed Platforms.Build.0 = Release|Any CPU
		{D3C7CD26-984A-46D1-8618-8363199F1573}.Release|x64.ActiveCfg = Release|Any CPU
		{D3C7CD26-984A-46D1-8618-8363199F1573}.Release|x86.ActiveCfg = Release|Any CPU
		{D3C7CD26-984A-46D1-8618-8363199F1573}.Signed|Any CPU.ActiveCfg = Release|Any CPU
		{D3C7CD26-984A-46D1-8618-8363199F1573}.Signed|Any CPU.Build.0 = Release|Any CPU
		{D3C7CD26-984A-46D1-8618-8363199F1573}.Signed|ARM.ActiveCfg = Release|Any CPU
		{D3C7CD26-984A-46D1-8618-8363199F1573}.Signed|Mixed Platforms.ActiveCfg = Release|Any CPU
		{D3C7CD26-984A-46D1-8618-8363199F1573}.Signed|Mixed Platforms.Build.0 = Release|Any CPU
		{D3C7CD26-984A-46D1-8618-8363199F1573}.Signed|x64.ActiveCfg = Release|Any CPU
		{D3C7CD26-984A-46D1-8618-8363199F1573}.Signed|x86.ActiveCfg = Release|Any CPU
		{36A77431-95A0-4AA7-924A-A8F6C6C631C6}.Debug|Any CPU.ActiveCfg = Debug|Any CPU
		{36A77431-95A0-4AA7-924A-A8F6C6C631C6}.Debug|Any CPU.Build.0 = Debug|Any CPU
		{36A77431-95A0-4AA7-924A-A8F6C6C631C6}.Debug|Any CPU.Deploy.0 = Debug|Any CPU
		{36A77431-95A0-4AA7-924A-A8F6C6C631C6}.Debug|ARM.ActiveCfg = Debug|Any CPU
		{36A77431-95A0-4AA7-924A-A8F6C6C631C6}.Debug|ARM.Build.0 = Debug|Any CPU
		{36A77431-95A0-4AA7-924A-A8F6C6C631C6}.Debug|ARM.Deploy.0 = Debug|Any CPU
		{36A77431-95A0-4AA7-924A-A8F6C6C631C6}.Debug|Mixed Platforms.ActiveCfg = Debug|Any CPU
		{36A77431-95A0-4AA7-924A-A8F6C6C631C6}.Debug|Mixed Platforms.Build.0 = Debug|Any CPU
		{36A77431-95A0-4AA7-924A-A8F6C6C631C6}.Debug|Mixed Platforms.Deploy.0 = Debug|Any CPU
		{36A77431-95A0-4AA7-924A-A8F6C6C631C6}.Debug|x64.ActiveCfg = Debug|Any CPU
		{36A77431-95A0-4AA7-924A-A8F6C6C631C6}.Debug|x86.ActiveCfg = Debug|Any CPU
		{36A77431-95A0-4AA7-924A-A8F6C6C631C6}.Release|Any CPU.ActiveCfg = Release|Any CPU
		{36A77431-95A0-4AA7-924A-A8F6C6C631C6}.Release|Any CPU.Build.0 = Release|Any CPU
		{36A77431-95A0-4AA7-924A-A8F6C6C631C6}.Release|Any CPU.Deploy.0 = Release|Any CPU
		{36A77431-95A0-4AA7-924A-A8F6C6C631C6}.Release|ARM.ActiveCfg = Release|Any CPU
		{36A77431-95A0-4AA7-924A-A8F6C6C631C6}.Release|ARM.Build.0 = Release|Any CPU
		{36A77431-95A0-4AA7-924A-A8F6C6C631C6}.Release|ARM.Deploy.0 = Release|Any CPU
		{36A77431-95A0-4AA7-924A-A8F6C6C631C6}.Release|Mixed Platforms.ActiveCfg = Release|Any CPU
		{36A77431-95A0-4AA7-924A-A8F6C6C631C6}.Release|Mixed Platforms.Build.0 = Release|Any CPU
		{36A77431-95A0-4AA7-924A-A8F6C6C631C6}.Release|Mixed Platforms.Deploy.0 = Release|Any CPU
		{36A77431-95A0-4AA7-924A-A8F6C6C631C6}.Release|x64.ActiveCfg = Release|Any CPU
		{36A77431-95A0-4AA7-924A-A8F6C6C631C6}.Release|x86.ActiveCfg = Release|Any CPU
		{36A77431-95A0-4AA7-924A-A8F6C6C631C6}.Signed|Any CPU.ActiveCfg = Release|Any CPU
		{36A77431-95A0-4AA7-924A-A8F6C6C631C6}.Signed|Any CPU.Build.0 = Release|Any CPU
		{36A77431-95A0-4AA7-924A-A8F6C6C631C6}.Signed|Any CPU.Deploy.0 = Release|Any CPU
		{36A77431-95A0-4AA7-924A-A8F6C6C631C6}.Signed|ARM.ActiveCfg = Release|Any CPU
		{36A77431-95A0-4AA7-924A-A8F6C6C631C6}.Signed|ARM.Build.0 = Release|Any CPU
		{36A77431-95A0-4AA7-924A-A8F6C6C631C6}.Signed|ARM.Deploy.0 = Release|Any CPU
		{36A77431-95A0-4AA7-924A-A8F6C6C631C6}.Signed|Mixed Platforms.ActiveCfg = Release|Any CPU
		{36A77431-95A0-4AA7-924A-A8F6C6C631C6}.Signed|Mixed Platforms.Build.0 = Release|Any CPU
		{36A77431-95A0-4AA7-924A-A8F6C6C631C6}.Signed|Mixed Platforms.Deploy.0 = Release|Any CPU
		{36A77431-95A0-4AA7-924A-A8F6C6C631C6}.Signed|x64.ActiveCfg = Release|Any CPU
		{36A77431-95A0-4AA7-924A-A8F6C6C631C6}.Signed|x86.ActiveCfg = Release|Any CPU
		{977A5F48-B0F3-4860-AA1A-5B3081ED7D98}.Debug|Any CPU.ActiveCfg = Debug|iPhoneSimulator
		{977A5F48-B0F3-4860-AA1A-5B3081ED7D98}.Debug|ARM.ActiveCfg = Debug|iPhone
		{977A5F48-B0F3-4860-AA1A-5B3081ED7D98}.Debug|ARM.Build.0 = Debug|iPhone
		{977A5F48-B0F3-4860-AA1A-5B3081ED7D98}.Debug|ARM.Deploy.0 = Debug|iPhone
		{977A5F48-B0F3-4860-AA1A-5B3081ED7D98}.Debug|Mixed Platforms.ActiveCfg = Debug|iPhoneSimulator
		{977A5F48-B0F3-4860-AA1A-5B3081ED7D98}.Debug|Mixed Platforms.Build.0 = Debug|iPhoneSimulator
		{977A5F48-B0F3-4860-AA1A-5B3081ED7D98}.Debug|Mixed Platforms.Deploy.0 = Debug|iPhoneSimulator
		{977A5F48-B0F3-4860-AA1A-5B3081ED7D98}.Debug|x64.ActiveCfg = Debug|iPhone
		{977A5F48-B0F3-4860-AA1A-5B3081ED7D98}.Debug|x86.ActiveCfg = Debug|iPhoneSimulator
		{977A5F48-B0F3-4860-AA1A-5B3081ED7D98}.Release|Any CPU.ActiveCfg = Release|iPhoneSimulator
		{977A5F48-B0F3-4860-AA1A-5B3081ED7D98}.Release|ARM.ActiveCfg = Release|iPhone
		{977A5F48-B0F3-4860-AA1A-5B3081ED7D98}.Release|ARM.Build.0 = Release|iPhone
		{977A5F48-B0F3-4860-AA1A-5B3081ED7D98}.Release|ARM.Deploy.0 = Release|iPhone
		{977A5F48-B0F3-4860-AA1A-5B3081ED7D98}.Release|Mixed Platforms.ActiveCfg = Release|iPhoneSimulator
		{977A5F48-B0F3-4860-AA1A-5B3081ED7D98}.Release|Mixed Platforms.Build.0 = Release|iPhoneSimulator
		{977A5F48-B0F3-4860-AA1A-5B3081ED7D98}.Release|Mixed Platforms.Deploy.0 = Release|iPhoneSimulator
		{977A5F48-B0F3-4860-AA1A-5B3081ED7D98}.Release|x64.ActiveCfg = Release|iPhone
		{977A5F48-B0F3-4860-AA1A-5B3081ED7D98}.Release|x86.ActiveCfg = Release|iPhoneSimulator
		{977A5F48-B0F3-4860-AA1A-5B3081ED7D98}.Signed|Any CPU.ActiveCfg = Release|iPhone
		{977A5F48-B0F3-4860-AA1A-5B3081ED7D98}.Signed|ARM.ActiveCfg = Release|iPhone
		{977A5F48-B0F3-4860-AA1A-5B3081ED7D98}.Signed|ARM.Build.0 = Release|iPhone
		{977A5F48-B0F3-4860-AA1A-5B3081ED7D98}.Signed|ARM.Deploy.0 = Release|iPhone
		{977A5F48-B0F3-4860-AA1A-5B3081ED7D98}.Signed|Mixed Platforms.ActiveCfg = Release|iPhone
		{977A5F48-B0F3-4860-AA1A-5B3081ED7D98}.Signed|Mixed Platforms.Build.0 = Release|iPhone
		{977A5F48-B0F3-4860-AA1A-5B3081ED7D98}.Signed|Mixed Platforms.Deploy.0 = Release|iPhone
		{977A5F48-B0F3-4860-AA1A-5B3081ED7D98}.Signed|x64.ActiveCfg = Release|iPhone
		{977A5F48-B0F3-4860-AA1A-5B3081ED7D98}.Signed|x86.ActiveCfg = Release|iPhone
		{A871B137-83A8-4E9B-913D-30EE0288E161}.Debug|Any CPU.ActiveCfg = Debug|Any CPU
		{A871B137-83A8-4E9B-913D-30EE0288E161}.Debug|Any CPU.Build.0 = Debug|Any CPU
		{A871B137-83A8-4E9B-913D-30EE0288E161}.Debug|ARM.ActiveCfg = Debug|Any CPU
		{A871B137-83A8-4E9B-913D-30EE0288E161}.Debug|ARM.Build.0 = Debug|Any CPU
		{A871B137-83A8-4E9B-913D-30EE0288E161}.Debug|Mixed Platforms.ActiveCfg = Debug|Any CPU
		{A871B137-83A8-4E9B-913D-30EE0288E161}.Debug|Mixed Platforms.Build.0 = Debug|Any CPU
		{A871B137-83A8-4E9B-913D-30EE0288E161}.Debug|x64.ActiveCfg = Debug|Any CPU
		{A871B137-83A8-4E9B-913D-30EE0288E161}.Debug|x86.ActiveCfg = Debug|Any CPU
		{A871B137-83A8-4E9B-913D-30EE0288E161}.Release|Any CPU.ActiveCfg = Release|Any CPU
		{A871B137-83A8-4E9B-913D-30EE0288E161}.Release|Any CPU.Build.0 = Release|Any CPU
		{A871B137-83A8-4E9B-913D-30EE0288E161}.Release|ARM.ActiveCfg = Release|Any CPU
		{A871B137-83A8-4E9B-913D-30EE0288E161}.Release|ARM.Build.0 = Release|Any CPU
		{A871B137-83A8-4E9B-913D-30EE0288E161}.Release|Mixed Platforms.ActiveCfg = Release|Any CPU
		{A871B137-83A8-4E9B-913D-30EE0288E161}.Release|Mixed Platforms.Build.0 = Release|Any CPU
		{A871B137-83A8-4E9B-913D-30EE0288E161}.Release|x64.ActiveCfg = Release|Any CPU
		{A871B137-83A8-4E9B-913D-30EE0288E161}.Release|x86.ActiveCfg = Release|Any CPU
		{A871B137-83A8-4E9B-913D-30EE0288E161}.Signed|Any CPU.ActiveCfg = Release|Any CPU
		{A871B137-83A8-4E9B-913D-30EE0288E161}.Signed|Any CPU.Build.0 = Release|Any CPU
		{A871B137-83A8-4E9B-913D-30EE0288E161}.Signed|ARM.ActiveCfg = Release|Any CPU
		{A871B137-83A8-4E9B-913D-30EE0288E161}.Signed|ARM.Build.0 = Release|Any CPU
		{A871B137-83A8-4E9B-913D-30EE0288E161}.Signed|Mixed Platforms.ActiveCfg = Release|Any CPU
		{A871B137-83A8-4E9B-913D-30EE0288E161}.Signed|Mixed Platforms.Build.0 = Release|Any CPU
		{A871B137-83A8-4E9B-913D-30EE0288E161}.Signed|x64.ActiveCfg = Release|Any CPU
		{A871B137-83A8-4E9B-913D-30EE0288E161}.Signed|x86.ActiveCfg = Release|Any CPU
		{0F77566D-014F-4D09-B783-D4E701627D15}.Debug|Any CPU.ActiveCfg = Debug|Any CPU
		{0F77566D-014F-4D09-B783-D4E701627D15}.Debug|Any CPU.Build.0 = Debug|Any CPU
		{0F77566D-014F-4D09-B783-D4E701627D15}.Debug|ARM.ActiveCfg = Debug|Any CPU
		{0F77566D-014F-4D09-B783-D4E701627D15}.Debug|ARM.Build.0 = Debug|Any CPU
		{0F77566D-014F-4D09-B783-D4E701627D15}.Debug|Mixed Platforms.ActiveCfg = Debug|Any CPU
		{0F77566D-014F-4D09-B783-D4E701627D15}.Debug|Mixed Platforms.Build.0 = Debug|Any CPU
		{0F77566D-014F-4D09-B783-D4E701627D15}.Debug|x64.ActiveCfg = Debug|Any CPU
		{0F77566D-014F-4D09-B783-D4E701627D15}.Debug|x86.ActiveCfg = Debug|Any CPU
		{0F77566D-014F-4D09-B783-D4E701627D15}.Release|Any CPU.ActiveCfg = Release|Any CPU
		{0F77566D-014F-4D09-B783-D4E701627D15}.Release|Any CPU.Build.0 = Release|Any CPU
		{0F77566D-014F-4D09-B783-D4E701627D15}.Release|ARM.ActiveCfg = Release|Any CPU
		{0F77566D-014F-4D09-B783-D4E701627D15}.Release|ARM.Build.0 = Release|Any CPU
		{0F77566D-014F-4D09-B783-D4E701627D15}.Release|Mixed Platforms.ActiveCfg = Release|Any CPU
		{0F77566D-014F-4D09-B783-D4E701627D15}.Release|Mixed Platforms.Build.0 = Release|Any CPU
		{0F77566D-014F-4D09-B783-D4E701627D15}.Release|x64.ActiveCfg = Release|Any CPU
		{0F77566D-014F-4D09-B783-D4E701627D15}.Release|x86.ActiveCfg = Release|Any CPU
		{0F77566D-014F-4D09-B783-D4E701627D15}.Signed|Any CPU.ActiveCfg = Release|Any CPU
		{0F77566D-014F-4D09-B783-D4E701627D15}.Signed|Any CPU.Build.0 = Release|Any CPU
		{0F77566D-014F-4D09-B783-D4E701627D15}.Signed|ARM.ActiveCfg = Release|Any CPU
		{0F77566D-014F-4D09-B783-D4E701627D15}.Signed|ARM.Build.0 = Release|Any CPU
		{0F77566D-014F-4D09-B783-D4E701627D15}.Signed|Mixed Platforms.ActiveCfg = Release|Any CPU
		{0F77566D-014F-4D09-B783-D4E701627D15}.Signed|Mixed Platforms.Build.0 = Release|Any CPU
		{0F77566D-014F-4D09-B783-D4E701627D15}.Signed|x64.ActiveCfg = Release|Any CPU
		{0F77566D-014F-4D09-B783-D4E701627D15}.Signed|x86.ActiveCfg = Release|Any CPU
	EndGlobalSection
	GlobalSection(SolutionProperties) = preSolution
		HideSolutionNode = FALSE
	EndGlobalSection
	GlobalSection(NestedProjects) = preSolution
		{75557793-E36E-4190-8714-5BD2665859FB} = {BA83494B-A52F-4CC8-B2BE-E339376AD2D5}
		{8BE160B5-ADBF-4FE0-A0E2-A4A77A87E620} = {BA83494B-A52F-4CC8-B2BE-E339376AD2D5}
		{A871B137-83A8-4E9B-913D-30EE0288E161} = {BA83494B-A52F-4CC8-B2BE-E339376AD2D5}
		{0F77566D-014F-4D09-B783-D4E701627D15} = {BA83494B-A52F-4CC8-B2BE-E339376AD2D5}
		{7C1A9BC1-3E60-4673-AC08-AC8399032D49} = {45E57CDC-7178-4915-8D0B-CF80F5E44AF6}
		{D3C7CD26-984A-46D1-8618-8363199F1573} = {45E57CDC-7178-4915-8D0B-CF80F5E44AF6}
		{36A77431-95A0-4AA7-924A-A8F6C6C631C6} = {45E57CDC-7178-4915-8D0B-CF80F5E44AF6}
		{977A5F48-B0F3-4860-AA1A-5B3081ED7D98} = {45E57CDC-7178-4915-8D0B-CF80F5E44AF6}
	EndGlobalSection
EndGlobal
